
Microsoft Visual Studio Solution File, Format Version 12.00
# Visual Studio Version 16
VisualStudioVersion = 16.0.30330.147
MinimumVisualStudioVersion = 10.0.40219.1
Project("{FAE04EC0-301F-11D3-BF4B-00C04F79EFBC}") = "Voorbeeld_Debuggen_Console", "Voorbeeld_Debuggen_Console\Voorbeeld_Debuggen_Console.csproj", "{E9833FBC-056E-42C0-B7EC-F2806564DFA8}"
EndProject
Global
	GlobalSection(SolutionConfigurationPlatforms) = preSolution
		Debug|Any CPU = Debug|Any CPU
		Release|Any CPU = Release|Any CPU
	EndGlobalSection
	GlobalSection(ProjectConfigurationPlatforms) = postSolution
		{E9833FBC-056E-42C0-B7EC-F2806564DFA8}.Debug|Any CPU.ActiveCfg = Debug|Any CPU
		{E9833FBC-056E-42C0-B7EC-F2806564DFA8}.Debug|Any CPU.Build.0 = Debug|Any CPU
		{E9833FBC-056E-42C0-B7EC-F2806564DFA8}.Release|Any CPU.ActiveCfg = Release|Any CPU
		{E9833FBC-056E-42C0-B7EC-F2806564DFA8}.Release|Any CPU.Build.0 = Release|Any CPU
	EndGlobalSection
	GlobalSection(SolutionProperties) = preSolution
		HideSolutionNode = FALSE
	EndGlobalSection
	GlobalSection(ExtensibilityGlobals) = postSolution
		SolutionGuid = {0266A48D-83BD-4D54-9E41-A149BEDE94B1}
	EndGlobalSection
EndGlobal
