
Microsoft Visual Studio Solution File, Format Version 12.00
# Visual Studio Version 16
VisualStudioVersion = 16.0.30330.147
MinimumVisualStudioVersion = 10.0.40219.1
Project("{FAE04EC0-301F-11D3-BF4B-00C04F79EFBC}") = "Oef_BerekenenMaandloon", "Oef_BerekenenMaandloon\Oef_BerekenenMaandloon.csproj", "{3361BCFD-4914-4E53-93A0-DFCD19622370}"
EndProject
Global
	GlobalSection(SolutionConfigurationPlatforms) = preSolution
		Debug|Any CPU = Debug|Any CPU
		Release|Any CPU = Release|Any CPU
	EndGlobalSection
	GlobalSection(ProjectConfigurationPlatforms) = postSolution
		{3361BCFD-4914-4E53-93A0-DFCD19622370}.Debug|Any CPU.ActiveCfg = Debug|Any CPU
		{3361BCFD-4914-4E53-93A0-DFCD19622370}.Debug|Any CPU.Build.0 = Debug|Any CPU
		{3361BCFD-4914-4E53-93A0-DFCD19622370}.Release|Any CPU.ActiveCfg = Release|Any CPU
		{3361BCFD-4914-4E53-93A0-DFCD19622370}.Release|Any CPU.Build.0 = Release|Any CPU
	EndGlobalSection
	GlobalSection(SolutionProperties) = preSolution
		HideSolutionNode = FALSE
	EndGlobalSection
	GlobalSection(ExtensibilityGlobals) = postSolution
		SolutionGuid = {DC200E2D-49F3-4952-A824-275B1C961299}
	EndGlobalSection
EndGlobal
