
Microsoft Visual Studio Solution File, Format Version 12.00
# Visual Studio Version 16
VisualStudioVersion = 16.0.31410.357
MinimumVisualStudioVersion = 10.0.40219.1
Project("{FAE04EC0-301F-11D3-BF4B-00C04F79EFBC}") = "Oefening 1", "Oefening 1\Oefening 1.csproj", "{59A2CB58-ECB3-45E6-ADED-B6AB4FB43DCC}"
EndProject
Global
	GlobalSection(SolutionConfigurationPlatforms) = preSolution
		Debug|Any CPU = Debug|Any CPU
		Release|Any CPU = Release|Any CPU
	EndGlobalSection
	GlobalSection(ProjectConfigurationPlatforms) = postSolution
		{59A2CB58-ECB3-45E6-ADED-B6AB4FB43DCC}.Debug|Any CPU.ActiveCfg = Debug|Any CPU
		{59A2CB58-ECB3-45E6-ADED-B6AB4FB43DCC}.Debug|Any CPU.Build.0 = Debug|Any CPU
		{59A2CB58-ECB3-45E6-ADED-B6AB4FB43DCC}.Release|Any CPU.ActiveCfg = Release|Any CPU
		{59A2CB58-ECB3-45E6-ADED-B6AB4FB43DCC}.Release|Any CPU.Build.0 = Release|Any CPU
	EndGlobalSection
	GlobalSection(SolutionProperties) = preSolution
		HideSolutionNode = FALSE
	EndGlobalSection
	GlobalSection(ExtensibilityGlobals) = postSolution
		SolutionGuid = {584A7D2E-836A-475F-AD44-364EF6253F8D}
	EndGlobalSection
EndGlobal
