
Microsoft Visual Studio Solution File, Format Version 12.00
# Visual Studio Version 16
VisualStudioVersion = 16.0.30330.147
MinimumVisualStudioVersion = 10.0.40219.1
Project("{FAE04EC0-301F-11D3-BF4B-00C04F79EFBC}") = "Oef_Machten", "Oef_Machten\Oef_Machten.csproj", "{3D018E81-6D86-42C4-AF81-A5254464B3EF}"
EndProject
Global
	GlobalSection(SolutionConfigurationPlatforms) = preSolution
		Debug|Any CPU = Debug|Any CPU
		Release|Any CPU = Release|Any CPU
	EndGlobalSection
	GlobalSection(ProjectConfigurationPlatforms) = postSolution
		{3D018E81-6D86-42C4-AF81-A5254464B3EF}.Debug|Any CPU.ActiveCfg = Debug|Any CPU
		{3D018E81-6D86-42C4-AF81-A5254464B3EF}.Debug|Any CPU.Build.0 = Debug|Any CPU
		{3D018E81-6D86-42C4-AF81-A5254464B3EF}.Release|Any CPU.ActiveCfg = Release|Any CPU
		{3D018E81-6D86-42C4-AF81-A5254464B3EF}.Release|Any CPU.Build.0 = Release|Any CPU
	EndGlobalSection
	GlobalSection(SolutionProperties) = preSolution
		HideSolutionNode = FALSE
	EndGlobalSection
	GlobalSection(ExtensibilityGlobals) = postSolution
		SolutionGuid = {88A31AA7-D7E3-4544-BE86-62EF833691A4}
	EndGlobalSection
EndGlobal
